// !$*UTF8*$!
{
	archiveVersion = 1;
	classes = {
	};
	objectVersion = 55;
	objects = {

/* Begin PBXBuildFile section */
		32157EDF27CEF92E00F4DFC5 /* ArtGalleryApp.swift in Sources */ = {isa = PBXBuildFile; fileRef = 32157EDE27CEF92E00F4DFC5 /* ArtGalleryApp.swift */; };
		32157EE127CEF92E00F4DFC5 /* ContentView.swift in Sources */ = {isa = PBXBuildFile; fileRef = 32157EE027CEF92E00F4DFC5 /* ContentView.swift */; };
		32157EE327CEF93000F4DFC5 /* Assets.xcassets in Resources */ = {isa = PBXBuildFile; fileRef = 32157EE227CEF93000F4DFC5 /* Assets.xcassets */; };
		32157EE627CEF93000F4DFC5 /* Preview Assets.xcassets in Resources */ = {isa = PBXBuildFile; fileRef = 32157EE527CEF93000F4DFC5 /* Preview Assets.xcassets */; };
		32157EEE27CEF97A00F4DFC5 /* SDWebImageSwiftUI in Frameworks */ = {isa = PBXBuildFile; productRef = 32157EED27CEF97A00F4DFC5 /* SDWebImageSwiftUI */; };
		32157EF127CEFA9400F4DFC5 /* FirebaseStorage in Frameworks */ = {isa = PBXBuildFile; productRef = 32157EF027CEFA9400F4DFC5 /* FirebaseStorage */; };
		32157EF327CEFAB800F4DFC5 /* Core.swift in Sources */ = {isa = PBXBuildFile; fileRef = 32157EF227CEFAB800F4DFC5 /* Core.swift */; };
		32157EF927CEFBB800F4DFC5 /* Feed.swift in Sources */ = {isa = PBXBuildFile; fileRef = 32157EF827CEFBB800F4DFC5 /* Feed.swift */; };
		32157EFB27CEFBD200F4DFC5 /* Upload.swift in Sources */ = {isa = PBXBuildFile; fileRef = 32157EFA27CEFBD200F4DFC5 /* Upload.swift */; };
		32157EFD27CEFBE400F4DFC5 /* Profile.swift in Sources */ = {isa = PBXBuildFile; fileRef = 32157EFC27CEFBE400F4DFC5 /* Profile.swift */; };
		32157EFF27CEFBF800F4DFC5 /* Login.swift in Sources */ = {isa = PBXBuildFile; fileRef = 32157EFE27CEFBF800F4DFC5 /* Login.swift */; };
		32157F0127CEFC0A00F4DFC5 /* Signup.swift in Sources */ = {isa = PBXBuildFile; fileRef = 32157F0027CEFC0A00F4DFC5 /* Signup.swift */; };
		32157F0327CEFC1A00F4DFC5 /* AuthViewModel.swift in Sources */ = {isa = PBXBuildFile; fileRef = 32157F0227CEFC1A00F4DFC5 /* AuthViewModel.swift */; };
		32157F0527CEFC4500F4DFC5 /* FeedViewModel.swift in Sources */ = {isa = PBXBuildFile; fileRef = 32157F0427CEFC4500F4DFC5 /* FeedViewModel.swift */; };
		32157F0727CEFC6A00F4DFC5 /* UploadViewModel.swift in Sources */ = {isa = PBXBuildFile; fileRef = 32157F0627CEFC6A00F4DFC5 /* UploadViewModel.swift */; };
		32157F0927CEFC8E00F4DFC5 /* ProfileVIewModel.swift in Sources */ = {isa = PBXBuildFile; fileRef = 32157F0827CEFC8E00F4DFC5 /* ProfileVIewModel.swift */; };
		32157F0B27CEFCB900F4DFC5 /* User.swift in Sources */ = {isa = PBXBuildFile; fileRef = 32157F0A27CEFCB900F4DFC5 /* User.swift */; };
		32157F0D27CEFD3A00F4DFC5 /* Post.swift in Sources */ = {isa = PBXBuildFile; fileRef = 32157F0C27CEFD3A00F4DFC5 /* Post.swift */; };
		32157F0F27CEFDD000F4DFC5 /* Comment.swift in Sources */ = {isa = PBXBuildFile; fileRef = 32157F0E27CEFDD000F4DFC5 /* Comment.swift */; };
		32157F1127CEFFD300F4DFC5 /* FeedRepository.swift in Sources */ = {isa = PBXBuildFile; fileRef = 32157F1027CEFFD300F4DFC5 /* FeedRepository.swift */; };
		32157F1327CF00BB00F4DFC5 /* Constants.swift in Sources */ = {isa = PBXBuildFile; fileRef = 32157F1227CF00BB00F4DFC5 /* Constants.swift */; };
		32157F1527CF036E00F4DFC5 /* AuthRepository.swift in Sources */ = {isa = PBXBuildFile; fileRef = 32157F1427CF036E00F4DFC5 /* AuthRepository.swift */; };
		32157F1727CF072900F4DFC5 /* UploadRepository.swift in Sources */ = {isa = PBXBuildFile; fileRef = 32157F1627CF072900F4DFC5 /* UploadRepository.swift */; };
		32157F1927CF073900F4DFC5 /* Response.swift in Sources */ = {isa = PBXBuildFile; fileRef = 32157F1827CF073900F4DFC5 /* Response.swift */; };
		32157F1B27CF098900F4DFC5 /* ProfileRepository.swift in Sources */ = {isa = PBXBuildFile; fileRef = 32157F1A27CF098900F4DFC5 /* ProfileRepository.swift */; };
		32157F1D27CF0C5800F4DFC5 /* CommentRepository.swift in Sources */ = {isa = PBXBuildFile; fileRef = 32157F1C27CF0C5800F4DFC5 /* CommentRepository.swift */; };
		32157F1F27CF0C8E00F4DFC5 /* CommentViewModel.swift in Sources */ = {isa = PBXBuildFile; fileRef = 32157F1E27CF0C8E00F4DFC5 /* CommentViewModel.swift */; };
		32157F2127CF179500F4DFC5 /* Comments.swift in Sources */ = {isa = PBXBuildFile; fileRef = 32157F2027CF179500F4DFC5 /* Comments.swift */; };
		3218DE6727D2FAD8004309FC /* FirebaseManager.swift in Sources */ = {isa = PBXBuildFile; fileRef = 3218DE6627D2FAD8004309FC /* FirebaseManager.swift */; };
		322F159827E4E5D50090D115 /* UserViewModel.swift in Sources */ = {isa = PBXBuildFile; fileRef = 322F159727E4E5D50090D115 /* UserViewModel.swift */; };
		323EB95127D5A15000D6AD2A /* ImagePicker.swift in Sources */ = {isa = PBXBuildFile; fileRef = 323EB95027D5A15000D6AD2A /* ImagePicker.swift */; };
		325523D927DC2A7100EEA4E4 /* GoogleService-Info.plist in Resources */ = {isa = PBXBuildFile; fileRef = 325523D827DC2A7100EEA4E4 /* GoogleService-Info.plist */; };
		325523DB27DD9F0E00EEA4E4 /* Settings.swift in Sources */ = {isa = PBXBuildFile; fileRef = 325523DA27DD9F0E00EEA4E4 /* Settings.swift */; };
/* End PBXBuildFile section */

/* Begin PBXFileReference section */
		32157EDB27CEF92E00F4DFC5 /* ArtGallery.app */ = {isa = PBXFileReference; explicitFileType = wrapper.application; includeInIndex = 0; path = ArtGallery.app; sourceTree = BUILT_PRODUCTS_DIR; };
		32157EDE27CEF92E00F4DFC5 /* ArtGalleryApp.swift */ = {isa = PBXFileReference; lastKnownFileType = sourcecode.swift; path = ArtGalleryApp.swift; sourceTree = "<group>"; };
		32157EE027CEF92E00F4DFC5 /* ContentView.swift */ = {isa = PBXFileReference; lastKnownFileType = sourcecode.swift; path = ContentView.swift; sourceTree = "<group>"; };
		32157EE227CEF93000F4DFC5 /* Assets.xcassets */ = {isa = PBXFileReference; lastKnownFileType = folder.assetcatalog; path = Assets.xcassets; sourceTree = "<group>"; };
		32157EE527CEF93000F4DFC5 /* Preview Assets.xcassets */ = {isa = PBXFileReference; lastKnownFileType = folder.assetcatalog; path = "Preview Assets.xcassets"; sourceTree = "<group>"; };
		32157EF227CEFAB800F4DFC5 /* Core.swift */ = {isa = PBXFileReference; lastKnownFileType = sourcecode.swift; path = Core.swift; sourceTree = "<group>"; };
		32157EF827CEFBB800F4DFC5 /* Feed.swift */ = {isa = PBXFileReference; lastKnownFileType = sourcecode.swift; path = Feed.swift; sourceTree = "<group>"; };
		32157EFA27CEFBD200F4DFC5 /* Upload.swift */ = {isa = PBXFileReference; lastKnownFileType = sourcecode.swift; path = Upload.swift; sourceTree = "<group>"; };
		32157EFC27CEFBE400F4DFC5 /* Profile.swift */ = {isa = PBXFileReference; lastKnownFileType = sourcecode.swift; path = Profile.swift; sourceTree = "<group>"; };
		32157EFE27CEFBF800F4DFC5 /* Login.swift */ = {isa = PBXFileReference; lastKnownFileType = sourcecode.swift; path = Login.swift; sourceTree = "<group>"; };
		32157F0027CEFC0A00F4DFC5 /* Signup.swift */ = {isa = PBXFileReference; lastKnownFileType = sourcecode.swift; path = Signup.swift; sourceTree = "<group>"; };
		32157F0227CEFC1A00F4DFC5 /* AuthViewModel.swift */ = {isa = PBXFileReference; lastKnownFileType = sourcecode.swift; path = AuthViewModel.swift; sourceTree = "<group>"; };
		32157F0427CEFC4500F4DFC5 /* FeedViewModel.swift */ = {isa = PBXFileReference; lastKnownFileType = sourcecode.swift; path = FeedViewModel.swift; sourceTree = "<group>"; };
		32157F0627CEFC6A00F4DFC5 /* UploadViewModel.swift */ = {isa = PBXFileReference; lastKnownFileType = sourcecode.swift; path = UploadViewModel.swift; sourceTree = "<group>"; };
		32157F0827CEFC8E00F4DFC5 /* ProfileVIewModel.swift */ = {isa = PBXFileReference; lastKnownFileType = sourcecode.swift; path = ProfileVIewModel.swift; sourceTree = "<group>"; };
		32157F0A27CEFCB900F4DFC5 /* User.swift */ = {isa = PBXFileReference; lastKnownFileType = sourcecode.swift; path = User.swift; sourceTree = "<group>"; };
		32157F0C27CEFD3A00F4DFC5 /* Post.swift */ = {isa = PBXFileReference; lastKnownFileType = sourcecode.swift; path = Post.swift; sourceTree = "<group>"; };
		32157F0E27CEFDD000F4DFC5 /* Comment.swift */ = {isa = PBXFileReference; lastKnownFileType = sourcecode.swift; path = Comment.swift; sourceTree = "<group>"; };
		32157F1027CEFFD300F4DFC5 /* FeedRepository.swift */ = {isa = PBXFileReference; lastKnownFileType = sourcecode.swift; path = FeedRepository.swift; sourceTree = "<group>"; };
		32157F1227CF00BB00F4DFC5 /* Constants.swift */ = {isa = PBXFileReference; lastKnownFileType = sourcecode.swift; path = Constants.swift; sourceTree = "<group>"; };
		32157F1427CF036E00F4DFC5 /* AuthRepository.swift */ = {isa = PBXFileReference; lastKnownFileType = sourcecode.swift; path = AuthRepository.swift; sourceTree = "<group>"; };
		32157F1627CF072900F4DFC5 /* UploadRepository.swift */ = {isa = PBXFileReference; lastKnownFileType = sourcecode.swift; path = UploadRepository.swift; sourceTree = "<group>"; };
		32157F1827CF073900F4DFC5 /* Response.swift */ = {isa = PBXFileReference; lastKnownFileType = sourcecode.swift; path = Response.swift; sourceTree = "<group>"; };
		32157F1A27CF098900F4DFC5 /* ProfileRepository.swift */ = {isa = PBXFileReference; lastKnownFileType = sourcecode.swift; path = ProfileRepository.swift; sourceTree = "<group>"; };
		32157F1C27CF0C5800F4DFC5 /* CommentRepository.swift */ = {isa = PBXFileReference; lastKnownFileType = sourcecode.swift; path = CommentRepository.swift; sourceTree = "<group>"; };
		32157F1E27CF0C8E00F4DFC5 /* CommentViewModel.swift */ = {isa = PBXFileReference; lastKnownFileType = sourcecode.swift; path = CommentViewModel.swift; sourceTree = "<group>"; };
		32157F2027CF179500F4DFC5 /* Comments.swift */ = {isa = PBXFileReference; lastKnownFileType = sourcecode.swift; path = Comments.swift; sourceTree = "<group>"; };
		3218DE6627D2FAD8004309FC /* FirebaseManager.swift */ = {isa = PBXFileReference; lastKnownFileType = sourcecode.swift; path = FirebaseManager.swift; sourceTree = "<group>"; };
		322F159727E4E5D50090D115 /* UserViewModel.swift */ = {isa = PBXFileReference; lastKnownFileType = sourcecode.swift; path = UserViewModel.swift; sourceTree = "<group>"; };
		323EB95027D5A15000D6AD2A /* ImagePicker.swift */ = {isa = PBXFileReference; lastKnownFileType = sourcecode.swift; path = ImagePicker.swift; sourceTree = "<group>"; };
		325523D827DC2A7100EEA4E4 /* GoogleService-Info.plist */ = {isa = PBXFileReference; fileEncoding = 4; lastKnownFileType = text.plist.xml; name = "GoogleService-Info.plist"; path = "../../../Downloads/GoogleService-Info.plist"; sourceTree = "<group>"; };
		325523DA27DD9F0E00EEA4E4 /* Settings.swift */ = {isa = PBXFileReference; lastKnownFileType = sourcecode.swift; path = Settings.swift; sourceTree = "<group>"; };
/* End PBXFileReference section */

/* Begin PBXFrameworksBuildPhase section */
		32157ED827CEF92E00F4DFC5 /* Frameworks */ = {
			isa = PBXFrameworksBuildPhase;
			buildActionMask = 2147483647;
			files = (
				32157EEE27CEF97A00F4DFC5 /* SDWebImageSwiftUI in Frameworks */,
				32157EF127CEFA9400F4DFC5 /* FirebaseStorage in Frameworks */,
			);
			runOnlyForDeploymentPostprocessing = 0;
		};
/* End PBXFrameworksBuildPhase section */

/* Begin PBXGroup section */
		32157ED227CEF92E00F4DFC5 = {
			isa = PBXGroup;
			children = (
				32157EDD27CEF92E00F4DFC5 /* ArtGallery */,
				32157EDC27CEF92E00F4DFC5 /* Products */,
			);
			sourceTree = "<group>";
		};
		32157EDC27CEF92E00F4DFC5 /* Products */ = {
			isa = PBXGroup;
			children = (
				32157EDB27CEF92E00F4DFC5 /* ArtGallery.app */,
			);
			name = Products;
			sourceTree = "<group>";
		};
		32157EDD27CEF92E00F4DFC5 /* ArtGallery */ = {
			isa = PBXGroup;
			children = (
				325523D827DC2A7100EEA4E4 /* GoogleService-Info.plist */,
				32157EF727CEFBA600F4DFC5 /* networking */,
				32157EF627CEFB9900F4DFC5 /* models */,
				32157EF527CEFB9000F4DFC5 /* viewmodels */,
				32157EF427CEFB8A00F4DFC5 /* views */,
				32157EDE27CEF92E00F4DFC5 /* ArtGalleryApp.swift */,
				32157EE027CEF92E00F4DFC5 /* ContentView.swift */,
				32157EE227CEF93000F4DFC5 /* Assets.xcassets */,
				32157EE427CEF93000F4DFC5 /* Preview Content */,
				32157EF227CEFAB800F4DFC5 /* Core.swift */,
				32157F1227CF00BB00F4DFC5 /* Constants.swift */,
				323EB95027D5A15000D6AD2A /* ImagePicker.swift */,
			);
			path = ArtGallery;
			sourceTree = "<group>";
		};
		32157EE427CEF93000F4DFC5 /* Preview Content */ = {
			isa = PBXGroup;
			children = (
				32157EE527CEF93000F4DFC5 /* Preview Assets.xcassets */,
			);
			path = "Preview Content";
			sourceTree = "<group>";
		};
		32157EF427CEFB8A00F4DFC5 /* views */ = {
			isa = PBXGroup;
			children = (
				32157EF827CEFBB800F4DFC5 /* Feed.swift */,
				32157EFA27CEFBD200F4DFC5 /* Upload.swift */,
				32157EFC27CEFBE400F4DFC5 /* Profile.swift */,
				32157EFE27CEFBF800F4DFC5 /* Login.swift */,
				32157F0027CEFC0A00F4DFC5 /* Signup.swift */,
				32157F2027CF179500F4DFC5 /* Comments.swift */,
				325523DA27DD9F0E00EEA4E4 /* Settings.swift */,
			);
			path = views;
			sourceTree = "<group>";
		};
		32157EF527CEFB9000F4DFC5 /* viewmodels */ = {
			isa = PBXGroup;
			children = (
				32157F0227CEFC1A00F4DFC5 /* AuthViewModel.swift */,
				32157F0427CEFC4500F4DFC5 /* FeedViewModel.swift */,
				32157F0627CEFC6A00F4DFC5 /* UploadViewModel.swift */,
				32157F0827CEFC8E00F4DFC5 /* ProfileVIewModel.swift */,
				32157F1E27CF0C8E00F4DFC5 /* CommentViewModel.swift */,
				322F159727E4E5D50090D115 /* UserViewModel.swift */,
			);
			path = viewmodels;
			sourceTree = "<group>";
		};
		32157EF627CEFB9900F4DFC5 /* models */ = {
			isa = PBXGroup;
			children = (
				32157F0A27CEFCB900F4DFC5 /* User.swift */,
				32157F0C27CEFD3A00F4DFC5 /* Post.swift */,
				32157F0E27CEFDD000F4DFC5 /* Comment.swift */,
				32157F1827CF073900F4DFC5 /* Response.swift */,
			);
			path = models;
			sourceTree = "<group>";
		};
		32157EF727CEFBA600F4DFC5 /* networking */ = {
			isa = PBXGroup;
			children = (
				32157F1027CEFFD300F4DFC5 /* FeedRepository.swift */,
				32157F1427CF036E00F4DFC5 /* AuthRepository.swift */,
				32157F1627CF072900F4DFC5 /* UploadRepository.swift */,
				32157F1A27CF098900F4DFC5 /* ProfileRepository.swift */,
				32157F1C27CF0C5800F4DFC5 /* CommentRepository.swift */,
				3218DE6627D2FAD8004309FC /* FirebaseManager.swift */,
			);
			path = networking;
			sourceTree = "<group>";
		};
/* End PBXGroup section */

/* Begin PBXNativeTarget section */
		32157EDA27CEF92E00F4DFC5 /* ArtGallery */ = {
			isa = PBXNativeTarget;
			buildConfigurationList = 32157EE927CEF93000F4DFC5 /* Build configuration list for PBXNativeTarget "ArtGallery" */;
			buildPhases = (
				32157ED727CEF92E00F4DFC5 /* Sources */,
				32157ED827CEF92E00F4DFC5 /* Frameworks */,
				32157ED927CEF92E00F4DFC5 /* Resources */,
			);
			buildRules = (
			);
			dependencies = (
			);
			name = ArtGallery;
			packageProductDependencies = (
				32157EED27CEF97A00F4DFC5 /* SDWebImageSwiftUI */,
				32157EF027CEFA9400F4DFC5 /* FirebaseStorage */,
			);
			productName = ArtGallery;
			productReference = 32157EDB27CEF92E00F4DFC5 /* ArtGallery.app */;
			productType = "com.apple.product-type.application";
		};
/* End PBXNativeTarget section */

/* Begin PBXProject section */
		32157ED327CEF92E00F4DFC5 /* Project object */ = {
			isa = PBXProject;
			attributes = {
				BuildIndependentTargetsInParallel = 1;
				LastSwiftUpdateCheck = 1320;
				LastUpgradeCheck = 1320;
				TargetAttributes = {
					32157EDA27CEF92E00F4DFC5 = {
						CreatedOnToolsVersion = 13.2.1;
					};
				};
			};
			buildConfigurationList = 32157ED627CEF92E00F4DFC5 /* Build configuration list for PBXProject "ArtGallery" */;
			compatibilityVersion = "Xcode 13.0";
			developmentRegion = en;
			hasScannedForEncodings = 0;
			knownRegions = (
				en,
				Base,
			);
			mainGroup = 32157ED227CEF92E00F4DFC5;
			packageReferences = (
				32157EEC27CEF97A00F4DFC5 /* XCRemoteSwiftPackageReference "SDWebImageSwiftUI" */,
				32157EEF27CEFA9400F4DFC5 /* XCRemoteSwiftPackageReference "firebase-ios-sdk" */,
			);
			productRefGroup = 32157EDC27CEF92E00F4DFC5 /* Products */;
			projectDirPath = "";
			projectRoot = "";
			targets = (
				32157EDA27CEF92E00F4DFC5 /* ArtGallery */,
			);
		};
/* End PBXProject section */

/* Begin PBXResourcesBuildPhase section */
		32157ED927CEF92E00F4DFC5 /* Resources */ = {
			isa = PBXResourcesBuildPhase;
			buildActionMask = 2147483647;
			files = (
				32157EE627CEF93000F4DFC5 /* Preview Assets.xcassets in Resources */,
				32157EE327CEF93000F4DFC5 /* Assets.xcassets in Resources */,
				325523D927DC2A7100EEA4E4 /* GoogleService-Info.plist in Resources */,
			);
			runOnlyForDeploymentPostprocessing = 0;
		};
/* End PBXResourcesBuildPhase section */

/* Begin PBXSourcesBuildPhase section */
		32157ED727CEF92E00F4DFC5 /* Sources */ = {
			isa = PBXSourcesBuildPhase;
			buildActionMask = 2147483647;
			files = (
				32157F0B27CEFCB900F4DFC5 /* User.swift in Sources */,
				32157F1327CF00BB00F4DFC5 /* Constants.swift in Sources */,
				32157F0527CEFC4500F4DFC5 /* FeedViewModel.swift in Sources */,
				32157EFF27CEFBF800F4DFC5 /* Login.swift in Sources */,
				32157F1927CF073900F4DFC5 /* Response.swift in Sources */,
				322F159827E4E5D50090D115 /* UserViewModel.swift in Sources */,
				32157F1127CEFFD300F4DFC5 /* FeedRepository.swift in Sources */,
				32157F1F27CF0C8E00F4DFC5 /* CommentViewModel.swift in Sources */,
				32157EF327CEFAB800F4DFC5 /* Core.swift in Sources */,
				32157EFD27CEFBE400F4DFC5 /* Profile.swift in Sources */,
				32157F0D27CEFD3A00F4DFC5 /* Post.swift in Sources */,
				32157F1B27CF098900F4DFC5 /* ProfileRepository.swift in Sources */,
				32157EFB27CEFBD200F4DFC5 /* Upload.swift in Sources */,
				32157EF927CEFBB800F4DFC5 /* Feed.swift in Sources */,
				323EB95127D5A15000D6AD2A /* ImagePicker.swift in Sources */,
				32157F0127CEFC0A00F4DFC5 /* Signup.swift in Sources */,
				32157F1D27CF0C5800F4DFC5 /* CommentRepository.swift in Sources */,
				32157F1727CF072900F4DFC5 /* UploadRepository.swift in Sources */,
				32157EE127CEF92E00F4DFC5 /* ContentView.swift in Sources */,
				3218DE6727D2FAD8004309FC /* FirebaseManager.swift in Sources */,
				32157F0F27CEFDD000F4DFC5 /* Comment.swift in Sources */,
				32157F0327CEFC1A00F4DFC5 /* AuthViewModel.swift in Sources */,
				32157EDF27CEF92E00F4DFC5 /* ArtGalleryApp.swift in Sources */,
				32157F1527CF036E00F4DFC5 /* AuthRepository.swift in Sources */,
				32157F0927CEFC8E00F4DFC5 /* ProfileVIewModel.swift in Sources */,
				325523DB27DD9F0E00EEA4E4 /* Settings.swift in Sources */,
				32157F0727CEFC6A00F4DFC5 /* UploadViewModel.swift in Sources */,
				32157F2127CF179500F4DFC5 /* Comments.swift in Sources */,
			);
			runOnlyForDeploymentPostprocessing = 0;
		};
/* End PBXSourcesBuildPhase section */

/* Begin XCBuildConfiguration section */
		32157EE727CEF93000F4DFC5 /* Debug */ = {
			isa = XCBuildConfiguration;
			buildSettings = {
				ALWAYS_SEARCH_USER_PATHS = NO;
				CLANG_ANALYZER_NONNULL = YES;
				CLANG_ANALYZER_NUMBER_OBJECT_CONVERSION = YES_AGGRESSIVE;
				CLANG_CXX_LANGUAGE_STANDARD = "gnu++17";
				CLANG_CXX_LIBRARY = "libc++";
				CLANG_ENABLE_MODULES = YES;
				CLANG_ENABLE_OBJC_ARC = YES;
				CLANG_ENABLE_OBJC_WEAK = YES;
				CLANG_WARN_BLOCK_CAPTURE_AUTORELEASING = YES;
				CLANG_WARN_BOOL_CONVERSION = YES;
				CLANG_WARN_COMMA = YES;
				CLANG_WARN_CONSTANT_CONVERSION = YES;
				CLANG_WARN_DEPRECATED_OBJC_IMPLEMENTATIONS = YES;
				CLANG_WARN_DIRECT_OBJC_ISA_USAGE = YES_ERROR;
				CLANG_WARN_DOCUMENTATION_COMMENTS = YES;
				CLANG_WARN_EMPTY_BODY = YES;
				CLANG_WARN_ENUM_CONVERSION = YES;
				CLANG_WARN_INFINITE_RECURSION = YES;
				CLANG_WARN_INT_CONVERSION = YES;
				CLANG_WARN_NON_LITERAL_NULL_CONVERSION = YES;
				CLANG_WARN_OBJC_IMPLICIT_RETAIN_SELF = YES;
				CLANG_WARN_OBJC_LITERAL_CONVERSION = YES;
				CLANG_WARN_OBJC_ROOT_CLASS = YES_ERROR;
				CLANG_WARN_QUOTED_INCLUDE_IN_FRAMEWORK_HEADER = YES;
				CLANG_WARN_RANGE_LOOP_ANALYSIS = YES;
				CLANG_WARN_STRICT_PROTOTYPES = YES;
				CLANG_WARN_SUSPICIOUS_MOVE = YES;
				CLANG_WARN_UNGUARDED_AVAILABILITY = YES_AGGRESSIVE;
				CLANG_WARN_UNREACHABLE_CODE = YES;
				CLANG_WARN__DUPLICATE_METHOD_MATCH = YES;
				COPY_PHASE_STRIP = NO;
				DEBUG_INFORMATION_FORMAT = dwarf;
				ENABLE_STRICT_OBJC_MSGSEND = YES;
				ENABLE_TESTABILITY = YES;
				GCC_C_LANGUAGE_STANDARD = gnu11;
				GCC_DYNAMIC_NO_PIC = NO;
				GCC_NO_COMMON_BLOCKS = YES;
				GCC_OPTIMIZATION_LEVEL = 0;
				GCC_PREPROCESSOR_DEFINITIONS = (
					"DEBUG=1",
					"$(inherited)",
				);
				GCC_WARN_64_TO_32_BIT_CONVERSION = YES;
				GCC_WARN_ABOUT_RETURN_TYPE = YES_ERROR;
				GCC_WARN_UNDECLARED_SELECTOR = YES;
				GCC_WARN_UNINITIALIZED_AUTOS = YES_AGGRESSIVE;
				GCC_WARN_UNUSED_FUNCTION = YES;
				GCC_WARN_UNUSED_VARIABLE = YES;
				IPHONEOS_DEPLOYMENT_TARGET = 15.2;
				MTL_ENABLE_DEBUG_INFO = INCLUDE_SOURCE;
				MTL_FAST_MATH = YES;
				ONLY_ACTIVE_ARCH = YES;
				SDKROOT = iphoneos;
				SWIFT_ACTIVE_COMPILATION_CONDITIONS = DEBUG;
				SWIFT_OPTIMIZATION_LEVEL = "-Onone";
			};
			name = Debug;
		};
		32157EE827CEF93000F4DFC5 /* Release */ = {
			isa = XCBuildConfiguration;
			buildSettings = {
				ALWAYS_SEARCH_USER_PATHS = NO;
				CLANG_ANALYZER_NONNULL = YES;
				CLANG_ANALYZER_NUMBER_OBJECT_CONVERSION = YES_AGGRESSIVE;
				CLANG_CXX_LANGUAGE_STANDARD = "gnu++17";
				CLANG_CXX_LIBRARY = "libc++";
				CLANG_ENABLE_MODULES = YES;
				CLANG_ENABLE_OBJC_ARC = YES;
				CLANG_ENABLE_OBJC_WEAK = YES;
				CLANG_WARN_BLOCK_CAPTURE_AUTORELEASING = YES;
				CLANG_WARN_BOOL_CONVERSION = YES;
				CLANG_WARN_COMMA = YES;
				CLANG_WARN_CONSTANT_CONVERSION = YES;
				CLANG_WARN_DEPRECATED_OBJC_IMPLEMENTATIONS = YES;
				CLANG_WARN_DIRECT_OBJC_ISA_USAGE = YES_ERROR;
				CLANG_WARN_DOCUMENTATION_COMMENTS = YES;
				CLANG_WARN_EMPTY_BODY = YES;
				CLANG_WARN_ENUM_CONVERSION = YES;
				CLANG_WARN_INFINITE_RECURSION = YES;
				CLANG_WARN_INT_CONVERSION = YES;
				CLANG_WARN_NON_LITERAL_NULL_CONVERSION = YES;
				CLANG_WARN_OBJC_IMPLICIT_RETAIN_SELF = YES;
				CLANG_WARN_OBJC_LITERAL_CONVERSION = YES;
				CLANG_WARN_OBJC_ROOT_CLASS = YES_ERROR;
				CLANG_WARN_QUOTED_INCLUDE_IN_FRAMEWORK_HEADER = YES;
				CLANG_WARN_RANGE_LOOP_ANALYSIS = YES;
				CLANG_WARN_STRICT_PROTOTYPES = YES;
				CLANG_WARN_SUSPICIOUS_MOVE = YES;
				CLANG_WARN_UNGUARDED_AVAILABILITY = YES_AGGRESSIVE;
				CLANG_WARN_UNREACHABLE_CODE = YES;
				CLANG_WARN__DUPLICATE_METHOD_MATCH = YES;
				COPY_PHASE_STRIP = NO;
				DEBUG_INFORMATION_FORMAT = "dwarf-with-dsym";
				ENABLE_NS_ASSERTIONS = NO;
				ENABLE_STRICT_OBJC_MSGSEND = YES;
				GCC_C_LANGUAGE_STANDARD = gnu11;
				GCC_NO_COMMON_BLOCKS = YES;
				GCC_WARN_64_TO_32_BIT_CONVERSION = YES;
				GCC_WARN_ABOUT_RETURN_TYPE = YES_ERROR;
				GCC_WARN_UNDECLARED_SELECTOR = YES;
				GCC_WARN_UNINITIALIZED_AUTOS = YES_AGGRESSIVE;
				GCC_WARN_UNUSED_FUNCTION = YES;
				GCC_WARN_UNUSED_VARIABLE = YES;
				IPHONEOS_DEPLOYMENT_TARGET = 15.2;
				MTL_ENABLE_DEBUG_INFO = NO;
				MTL_FAST_MATH = YES;
				SDKROOT = iphoneos;
				SWIFT_COMPILATION_MODE = wholemodule;
				SWIFT_OPTIMIZATION_LEVEL = "-O";
				VALIDATE_PRODUCT = YES;
			};
			name = Release;
		};
		32157EEA27CEF93000F4DFC5 /* Debug */ = {
			isa = XCBuildConfiguration;
			buildSettings = {
				ASSETCATALOG_COMPILER_APPICON_NAME = AppIcon;
				ASSETCATALOG_COMPILER_GLOBAL_ACCENT_COLOR_NAME = AccentColor;
				CODE_SIGN_STYLE = Automatic;
				CURRENT_PROJECT_VERSION = 1;
				DEVELOPMENT_ASSET_PATHS = "\"ArtGallery/Preview Content\"";
				DEVELOPMENT_TEAM = T6S3P6VTG3;
				ENABLE_PREVIEWS = YES;
				GENERATE_INFOPLIST_FILE = YES;
				INFOPLIST_KEY_UIApplicationSceneManifest_Generation = YES;
				INFOPLIST_KEY_UIApplicationSupportsIndirectInputEvents = YES;
				INFOPLIST_KEY_UILaunchScreen_Generation = YES;
				INFOPLIST_KEY_UISupportedInterfaceOrientations_iPad = "UIInterfaceOrientationPortrait UIInterfaceOrientationPortraitUpsideDown UIInterfaceOrientationLandscapeLeft UIInterfaceOrientationLandscapeRight";
				INFOPLIST_KEY_UISupportedInterfaceOrientations_iPhone = "UIInterfaceOrientationPortrait UIInterfaceOrientationLandscapeLeft UIInterfaceOrientationLandscapeRight";
				LD_RUNPATH_SEARCH_PATHS = (
					"$(inherited)",
					"@executable_path/Frameworks",
				);
				MARKETING_VERSION = 1.0;
				PRODUCT_BUNDLE_IDENTIFIER = com.app.ArtGallery;
				PRODUCT_NAME = "$(TARGET_NAME)";
				SWIFT_EMIT_LOC_STRINGS = YES;
				SWIFT_VERSION = 5.0;
				TARGETED_DEVICE_FAMILY = "1,2";
			};
			name = Debug;
		};
		32157EEB27CEF93000F4DFC5 /* Release */ = {
			isa = XCBuildConfiguration;
			buildSettings = {
				ASSETCATALOG_COMPILER_APPICON_NAME = AppIcon;
				ASSETCATALOG_COMPILER_GLOBAL_ACCENT_COLOR_NAME = AccentColor;
				CODE_SIGN_STYLE = Automatic;
				CURRENT_PROJECT_VERSION = 1;
				DEVELOPMENT_ASSET_PATHS = "\"ArtGallery/Preview Content\"";
				DEVELOPMENT_TEAM = 9H8DMRZC69;
				ENABLE_PREVIEWS = YES;
				GENERATE_INFOPLIST_FILE = YES;
				INFOPLIST_KEY_UIApplicationSceneManifest_Generation = YES;
				INFOPLIST_KEY_UIApplicationSupportsIndirectInputEvents = YES;
				INFOPLIST_KEY_UILaunchScreen_Generation = YES;
				INFOPLIST_KEY_UISupportedInterfaceOrientations_iPad = "UIInterfaceOrientationPortrait UIInterfaceOrientationPortraitUpsideDown UIInterfaceOrientationLandscapeLeft UIInterfaceOrientationLandscapeRight";
				INFOPLIST_KEY_UISupportedInterfaceOrientations_iPhone = "UIInterfaceOrientationPortrait UIInterfaceOrientationLandscapeLeft UIInterfaceOrientationLandscapeRight";
				LD_RUNPATH_SEARCH_PATHS = (
					"$(inherited)",
					"@executable_path/Frameworks",
				);
				MARKETING_VERSION = 1.0;
				PRODUCT_BUNDLE_IDENTIFIER = com.app.ArtGallery;
				PRODUCT_NAME = "$(TARGET_NAME)";
				SWIFT_EMIT_LOC_STRINGS = YES;
				SWIFT_VERSION = 5.0;
				TARGETED_DEVICE_FAMILY = "1,2";
			};
			name = Release;
		};
/* End XCBuildConfiguration section */

/* Begin XCConfigurationList section */
		32157ED627CEF92E00F4DFC5 /* Build configuration list for PBXProject "ArtGallery" */ = {
			isa = XCConfigurationList;
			buildConfigurations = (
				32157EE727CEF93000F4DFC5 /* Debug */,
				32157EE827CEF93000F4DFC5 /* Release */,
			);
			defaultConfigurationIsVisible = 0;
			defaultConfigurationName = Release;
		};
		32157EE927CEF93000F4DFC5 /* Build configuration list for PBXNativeTarget "ArtGallery" */ = {
			isa = XCConfigurationList;
			buildConfigurations = (
				32157EEA27CEF93000F4DFC5 /* Debug */,
				32157EEB27CEF93000F4DFC5 /* Release */,
			);
			defaultConfigurationIsVisible = 0;
			defaultConfigurationName = Release;
		};
/* End XCConfigurationList section */

/* Begin XCRemoteSwiftPackageReference section */
		32157EEC27CEF97A00F4DFC5 /* XCRemoteSwiftPackageReference "SDWebImageSwiftUI" */ = {
			isa = XCRemoteSwiftPackageReference;
			repositoryURL = "https://github.com/SDWebImage/SDWebImageSwiftUI";
			requirement = {
				branch = master;
				kind = branch;
			};
		};
		32157EEF27CEFA9400F4DFC5 /* XCRemoteSwiftPackageReference "firebase-ios-sdk" */ = {
			isa = XCRemoteSwiftPackageReference;
			repositoryURL = "https://github.com/firebase/firebase-ios-sdk";
			requirement = {
				branch = master;
				kind = branch;
			};
		};
/* End XCRemoteSwiftPackageReference section */

/* Begin XCSwiftPackageProductDependency section */
		32157EED27CEF97A00F4DFC5 /* SDWebImageSwiftUI */ = {
			isa = XCSwiftPackageProductDependency;
			package = 32157EEC27CEF97A00F4DFC5 /* XCRemoteSwiftPackageReference "SDWebImageSwiftUI" */;
			productName = SDWebImageSwiftUI;
		};
		32157EF027CEFA9400F4DFC5 /* FirebaseStorage */ = {
			isa = XCSwiftPackageProductDependency;
			package = 32157EEF27CEFA9400F4DFC5 /* XCRemoteSwiftPackageReference "firebase-ios-sdk" */;
			productName = FirebaseStorage;
		};
/* End XCSwiftPackageProductDependency section */
	};
	rootObject = 32157ED327CEF92E00F4DFC5 /* Project object */;
}
